{
  "nodes": {
    "dotfiles-awesome": {
      "inputs": {
        "flake-compat": [
          "flake-compat"
        ],
        "flake-utils": [
          "flake-utils"
        ],
        "nixpkgs": [
          "nixpkgs"
        ],
        "wallpaper-generator": [
          "wallpaper-generator"
        ]
      },
      "locked": {
        "lastModified": 1637309089,
        "narHash": "sha256-8BsiXuqIws3zTnsLl5lro8qFSWnrC6kqvO21HicNUQs=",
        "owner": "pinpox",
        "repo": "dotfiles-awesome",
        "rev": "6dd18d7055971eb3bf4bfe37b4812c11c44f1cd0",
        "type": "github"
      },
      "original": {
        "owner": "pinpox",
        "repo": "dotfiles-awesome",
        "type": "github"
      }
    },
    "flake-compat": {
      "flake": false,
      "locked": {
        "lastModified": 1627913399,
        "narHash": "sha256-hY8g6H2KFL8ownSiFeMOjwPC8P0ueXpCVEbxgda3pko=",
        "owner": "edolstra",
        "repo": "flake-compat",
        "rev": "12c64ca55c1014cdc1b16ed5a804aa8576601ff2",
        "type": "github"
      },
      "original": {
        "owner": "edolstra",
        "repo": "flake-compat",
        "type": "github"
      }
    },
    "flake-compat_2": {
      "flake": false,
      "locked": {
        "lastModified": 1627913399,
        "narHash": "sha256-hY8g6H2KFL8ownSiFeMOjwPC8P0ueXpCVEbxgda3pko=",
        "owner": "edolstra",
        "repo": "flake-compat",
        "rev": "12c64ca55c1014cdc1b16ed5a804aa8576601ff2",
        "type": "github"
      },
      "original": {
        "owner": "edolstra",
        "repo": "flake-compat",
        "type": "github"
      }
    },
    "flake-utils": {
      "locked": {
        "lastModified": 1638122382,
        "narHash": "sha256-sQzZzAbvKEqN9s0bzWuYmRaA03v40gaJ4+iL1LXjaeI=",
        "owner": "numtide",
        "repo": "flake-utils",
        "rev": "74f7e4319258e287b0f9cb95426c9853b282730b",
        "type": "github"
      },
      "original": {
        "owner": "numtide",
        "repo": "flake-utils",
        "type": "github"
      }
    },
    "flake-utils_2": {
      "locked": {
        "lastModified": 1629481132,
        "narHash": "sha256-JHgasjPR0/J1J3DRm4KxM4zTyAj4IOJY8vIl75v/kPI=",
        "owner": "numtide",
        "repo": "flake-utils",
        "rev": "997f7efcb746a9c140ce1f13c72263189225f482",
        "type": "github"
      },
      "original": {
        "owner": "numtide",
        "repo": "flake-utils",
        "type": "github"
      }
    },
    "forgit": {
      "flake": false,
      "locked": {
        "lastModified": 1638746453,
        "narHash": "sha256-S/alL3CiyedJ8aGhC2Vg9fmLJYcLxDe4EjQns5dZkKM=",
        "owner": "wfxr",
        "repo": "forgit",
        "rev": "7b26cd46ac768af51b8dd4b84b6567c4e1c19642",
        "type": "github"
      },
      "original": {
        "owner": "wfxr",
        "repo": "forgit",
        "type": "github"
      }
    },
    "fzf-lua": {
      "flake": false,
      "locked": {
        "lastModified": 1640651118,
        "narHash": "sha256-oNP+qslFv7ACZaMFarhuI659Hj9NmPNX8wGNZsoYeu8=",
        "owner": "ibhagwan",
        "repo": "fzf-lua",
        "rev": "782b8599fd1576c3576b0440b815f658601a4c0a",
        "type": "github"
      },
      "original": {
        "owner": "ibhagwan",
        "repo": "fzf-lua",
        "type": "github"
      }
    },
    "home-manager": {
      "inputs": {
        "nixpkgs": [
          "nixpkgs"
        ]
      },
      "locked": {
        "lastModified": 1640592198,
        "narHash": "sha256-F5dWVGQMscmGyLTzNLocPB1v8Ijp8ONx8Nq9Dmi5PSw=",
        "owner": "nix-community",
        "repo": "home-manager",
        "rev": "0b197562ab7bf114dd5f6716f41d4b5be6ccd357",
        "type": "github"
      },
      "original": {
        "owner": "nix-community",
        "repo": "home-manager",
        "type": "github"
      }
    },
    "indent-blankline-nvim-lua": {
      "flake": false,
      "locked": {
        "lastModified": 1638347592,
        "narHash": "sha256-8sELQ8TY3DN9V+pG6Li0wXb5/xe5uhPymL/JSAplWI4=",
        "owner": "lukas-reineke",
        "repo": "indent-blankline.nvim",
        "rev": "0f8df7e43f0cae4c44e0e8383436ad602f333419",
        "type": "github"
      },
      "original": {
        "owner": "lukas-reineke",
        "repo": "indent-blankline.nvim",
        "type": "github"
      }
    },
    "krops": {
      "flake": false,
      "locked": {
        "lastModified": 1637419569,
        "narHash": "sha256-0hxKZQIoByRDoPsfQq5qzFJioyWRX/fbpvMO2EYQ9lc=",
        "ref": "master",
        "rev": "13ae434b140035e7e2664bd5a8ef4c475413b2e0",
        "revCount": 115,
        "type": "git",
        "url": "https://cgit.krebsco.de/krops"
      },
      "original": {
        "type": "git",
        "url": "https://cgit.krebsco.de/krops"
      }
    },
    "matrix-hook": {
      "inputs": {
        "flake-compat": [
          "flake-compat"
        ],
        "flake-utils": [
          "flake-utils"
        ],
        "nixpkgs": [
          "nixpkgs"
        ]
      },
      "locked": {
        "lastModified": 1638433334,
        "narHash": "sha256-/ZJ0GgR7JPetLMCyi5KVeNhVFvYUQ4uKpHw1ylIak7k=",
        "owner": "pinpox",
        "repo": "matrix-hook",
        "rev": "ce5a5e1d93c43ac59b3562d68f744e8c565eeb5f",
        "type": "github"
      },
      "original": {
        "owner": "pinpox",
        "repo": "matrix-hook",
        "type": "github"
      }
    },
    "neovim-flake": {
      "inputs": {
        "flake-utils": "flake-utils_2",
        "nixpkgs": [
          "neovim-nightly",
          "nixpkgs"
        ]
      },
      "locked": {
        "dir": "contrib",
        "lastModified": 1640605963,
        "narHash": "sha256-1edQitEq3uWad0xLaWSNwukW7PCmE+JERCNoWno8tZ4=",
        "owner": "neovim",
        "repo": "neovim",
        "rev": "9804a2870f6f308f788f939f52958e3fbd2adaac",
        "type": "github"
      },
      "original": {
        "dir": "contrib",
        "owner": "neovim",
        "repo": "neovim",
        "type": "github"
      }
    },
    "neovim-nightly": {
      "inputs": {
        "flake-compat": "flake-compat_2",
        "neovim-flake": "neovim-flake",
        "nixpkgs": [
          "nixpkgs"
        ]
      },
      "locked": {
        "lastModified": 1640679301,
        "narHash": "sha256-SE5VYGmDyjkyoSKAhNU8JiAJCUuxxv9s+hbspl+wPcg=",
        "owner": "nix-community",
        "repo": "neovim-nightly-overlay",
        "rev": "c25636a6800b5b9d5da7282d9c0c61f87343b67c",
        "type": "github"
      },
      "original": {
        "owner": "nix-community",
        "repo": "neovim-nightly-overlay",
        "type": "github"
      }
    },
    "nix-apple-fonts": {
      "inputs": {
        "flake-compat": [
          "flake-compat"
        ],
        "flake-utils": [
          "flake-utils"
        ],
        "nixpkgs": [
          "nixpkgs"
        ]
      },
      "locked": {
        "lastModified": 1637075535,
        "narHash": "sha256-QTZZjFvLesYO2DT7JcnuHGDTQw6/MzJcp+ymfKDz1BM=",
        "owner": "pinpox",
        "repo": "nix-apple-fonts",
        "rev": "da5f8facd04a39981c07fc1504649ec03de7b6e6",
        "type": "github"
      },
      "original": {
        "owner": "pinpox",
        "repo": "nix-apple-fonts",
        "type": "github"
      }
    },
    "nixpkgs": {
      "locked": {
        "lastModified": 1640540585,
        "narHash": "sha256-cCmknKFjWgam9jq+58wSd0Z4REia8mjBP65kXcL3ki8=",
        "owner": "nixos",
        "repo": "nixpkgs",
        "rev": "ac169ec6371f0d835542db654a65e0f2feb07838",
        "type": "github"
      },
      "original": {
        "owner": "nixos",
        "ref": "nixos-unstable",
        "repo": "nixpkgs",
        "type": "github"
      }
    },
    "nur": {
      "locked": {
        "lastModified": 1640664486,
        "narHash": "sha256-HhOFfuJkTSzMamFd1QJ8rFdHSxOxlb7phybUkbazObI=",
        "owner": "nix-community",
        "repo": "NUR",
        "rev": "bd18169e3cd558063bd2bfae14f7bd3aea50a881",
        "type": "github"
      },
      "original": {
        "owner": "nix-community",
        "repo": "NUR",
        "type": "github"
      }
    },
    "nvim-cokeline": {
      "flake": false,
      "locked": {
        "lastModified": 1640189362,
        "narHash": "sha256-XyrpGIn8IZQX4Gf21V1O2a316sdMbsv0YDOI+/ZhqdE=",
        "owner": "noib3",
        "repo": "nvim-cokeline",
        "rev": "95907fd85dc33ead63c6a94e48cb4208796d8ac4",
        "type": "github"
      },
      "original": {
        "owner": "noib3",
        "repo": "nvim-cokeline",
        "type": "github"
      }
    },
    "nvim-fzf": {
      "flake": false,
      "locked": {
        "lastModified": 1635204440,
        "narHash": "sha256-65IgJwM0s6RurLL+LCLnOZiuBd/Zom7SeiRlR4pPl7o=",
        "owner": "vijaymarupudi",
        "repo": "nvim-fzf",
        "rev": "7cc3670b00f4d6e0968289f8b3bee7481cab3e73",
        "type": "github"
      },
      "original": {
        "owner": "vijaymarupudi",
        "repo": "nvim-fzf",
        "type": "github"
      }
    },
    "root": {
      "inputs": {
        "dotfiles-awesome": "dotfiles-awesome",
        "flake-compat": "flake-compat",
        "flake-utils": "flake-utils",
        "forgit": "forgit",
        "fzf-lua": "fzf-lua",
        "home-manager": "home-manager",
        "indent-blankline-nvim-lua": "indent-blankline-nvim-lua",
        "krops": "krops",
        "matrix-hook": "matrix-hook",
        "neovim-nightly": "neovim-nightly",
        "nix-apple-fonts": "nix-apple-fonts",
        "nixpkgs": "nixpkgs",
        "nur": "nur",
        "nvim-cokeline": "nvim-cokeline",
        "nvim-fzf": "nvim-fzf",
        "wallpaper-generator": "wallpaper-generator",
        "zk-nvim": "zk-nvim",
        "zsh-abbrev-alias": "zsh-abbrev-alias",
        "zsh-colored-man-pages": "zsh-colored-man-pages"
      }
    },
    "wallpaper-generator": {
      "flake": false,
      "locked": {
        "lastModified": 1632399088,
        "narHash": "sha256-BAsPz6O6QUfE7r1p2TacuCoZCXMKBBRyuTYlkwqzrMQ=",
        "owner": "pinpox",
        "repo": "wallpaper-generator",
        "rev": "5fa99fd91ac900c592e28afd0ec43499c4b05d18",
        "type": "github"
      },
      "original": {
        "owner": "pinpox",
        "repo": "wallpaper-generator",
        "type": "github"
      }
    },
    "zk-nvim": {
      "flake": false,
      "locked": {
        "lastModified": 1629124754,
        "narHash": "sha256-7XC2I5/XdcAAy+KPGgjY2RRDWZrlGUiqEzSsspUqtPA=",
        "owner": "megalithic",
        "repo": "zk.nvim",
        "rev": "dbe88c5315ead19b99c5174a7eda7533cf6a735f",
        "type": "github"
      },
      "original": {
        "owner": "megalithic",
        "repo": "zk.nvim",
        "type": "github"
      }
    },
    "zsh-abbrev-alias": {
      "flake": false,
      "locked": {
        "lastModified": 1626942886,
        "narHash": "sha256-jq5YEpIpvmBa/M7F4NeC77mE9WHSnza3tZwvgMPab7M=",
        "owner": "momo-lab",
        "repo": "zsh-abbrev-alias",
        "rev": "33fe094da0a70e279e1cc5376a3d7cb7a5343df5",
        "type": "github"
      },
      "original": {
        "owner": "momo-lab",
        "repo": "zsh-abbrev-alias",
        "type": "github"
      }
    },
    "zsh-colored-man-pages": {
      "flake": false,
      "locked": {
        "lastModified": 1554205411,
        "narHash": "sha256-087bNmB5gDUKoSriHIjXOVZiUG5+Dy9qv3D69E8GBhs=",
        "owner": "ael-code",
        "repo": "zsh-colored-man-pages",
        "rev": "57bdda68e52a09075352b18fa3ca21abd31df4cb",
        "type": "github"
      },
      "original": {
        "owner": "ael-code",
        "repo": "zsh-colored-man-pages",
        "type": "github"
      }
    }
  },
  "root": "root",
  "version": 7
}
