{
  "nodes": {
    "alertmanager-ntfy": {
      "inputs": {
        "flake-compat": [
          "flake-compat"
        ],
        "flake-utils": "flake-utils",
        "nixpkgs": [
          "nixpkgs"
        ]
      },
      "locked": {
        "lastModified": 1712050237,
        "narHash": "sha256-O4yrTNgnlx+WNS9Ha++veExncRmkX83mkywumjtPw3U=",
        "owner": "pinpox",
        "repo": "alertmanager-ntfy",
        "rev": "c669b8701235d779fa7277008ccb617fc3d94538",
        "type": "github"
      },
      "original": {
        "owner": "pinpox",
        "repo": "alertmanager-ntfy",
        "type": "github"
      }
    },
    "aoe-taunt-discord-bot": {
      "inputs": {
        "nixpkgs": [
          "nixpkgs"
        ]
      },
      "locked": {
        "lastModified": 1709114246,
        "narHash": "sha256-26PP5a9Ri5qmlJoZ6QP8RZ/tsy4Qs/IXmNO8ET4m/qE=",
        "owner": "pinpox",
        "repo": "aoe-taunt-discord-bot",
        "rev": "6a01de35813d44a1d8f69d484533934312e81544",
        "type": "github"
      },
      "original": {
        "owner": "pinpox",
        "repo": "aoe-taunt-discord-bot",
        "type": "github"
      }
    },
    "caddy-patched": {
      "inputs": {
        "nixpkgs": [
          "nixpkgs"
        ]
      },
      "locked": {
        "lastModified": 1732352955,
        "narHash": "sha256-sp7aGi4SbxjgapVSZer/IYqC1JkdmCmE21Z4N8poHeg=",
        "owner": "pinpox",
        "repo": "nixos-caddy-patched",
        "rev": "3aba37347f11f2b3e538417c92f9429db8d281d4",
        "type": "github"
      },
      "original": {
        "owner": "pinpox",
        "repo": "nixos-caddy-patched",
        "type": "github"
      }
    },
    "clan-core": {
      "inputs": {
        "data-mesher": "data-mesher",
        "disko": "disko",
        "flake-parts": "flake-parts",
        "nix-darwin": "nix-darwin",
        "nix-select": "nix-select",
        "nixos-facter-modules": "nixos-facter-modules",
        "nixpkgs": [
          "nixpkgs"
        ],
        "sops-nix": "sops-nix",
        "systems": "systems_2",
        "treefmt-nix": "treefmt-nix"
      },
      "locked": {
        "lastModified": 1752052114,
        "narHash": "sha256-FqVmZEIUORwa3G3iXizWqodUHgLmalLnoQD8i9q32og=",
        "ref": "refs/heads/main",
        "rev": "28d5294292781934006d79c17e8a063af8bf0d9b",
        "revCount": 8267,
        "type": "git",
        "url": "https://git.clan.lol/clan/clan-core"
      },
      "original": {
        "type": "git",
        "url": "https://git.clan.lol/clan/clan-core"
      }
    },
    "data-mesher": {
      "inputs": {
        "flake-parts": [
          "clan-core",
          "flake-parts"
        ],
        "nixpkgs": [
          "clan-core",
          "nixpkgs"
        ],
        "systems": [
          "clan-core",
          "systems"
        ],
        "treefmt-nix": [
          "clan-core",
          "treefmt-nix"
        ]
      },
      "locked": {
        "lastModified": 1751846468,
        "narHash": "sha256-h0mpWZIOIAKj4fmLNyI2HDG+c0YOkbYmyJXSj/bQ9s0=",
        "rev": "a2166c13b0cb3febdaf36391cd2019aa2ccf4366",
        "type": "tarball",
        "url": "https://git.clan.lol/api/v1/repos/clan/data-mesher/archive/a2166c13b0cb3febdaf36391cd2019aa2ccf4366.tar.gz"
      },
      "original": {
        "type": "tarball",
        "url": "https://git.clan.lol/clan/data-mesher/archive/main.tar.gz"
      }
    },
    "disko": {
      "inputs": {
        "nixpkgs": [
          "clan-core",
          "nixpkgs"
        ]
      },
      "locked": {
        "lastModified": 1751854533,
        "narHash": "sha256-U/OQFplExOR1jazZY4KkaQkJqOl59xlh21HP9mI79Vc=",
        "owner": "nix-community",
        "repo": "disko",
        "rev": "16b74a1e304197248a1bc663280f2548dbfcae3c",
        "type": "github"
      },
      "original": {
        "owner": "nix-community",
        "repo": "disko",
        "type": "github"
      }
    },
    "disko_2": {
      "inputs": {
        "nixpkgs": [
          "nixpkgs"
        ]
      },
      "locked": {
        "lastModified": 1746728054,
        "narHash": "sha256-eDoSOhxGEm2PykZFa/x9QG5eTH0MJdiJ9aR00VAofXE=",
        "owner": "nix-community",
        "repo": "disko",
        "rev": "ff442f5d1425feb86344c028298548024f21256d",
        "type": "github"
      },
      "original": {
        "owner": "nix-community",
        "ref": "latest",
        "repo": "disko",
        "type": "github"
      }
    },
    "flake-compat": {
      "flake": false,
      "locked": {
        "lastModified": 1747046372,
        "narHash": "sha256-CIVLLkVgvHYbgI2UpXvIIBJ12HWgX+fjA8Xf8PUmqCY=",
        "owner": "edolstra",
        "repo": "flake-compat",
        "rev": "9100a0f413b0c601e0533d1d94ffd501ce2e7885",
        "type": "github"
      },
      "original": {
        "owner": "edolstra",
        "repo": "flake-compat",
        "type": "github"
      }
    },
    "flake-parts": {
      "inputs": {
        "nixpkgs-lib": [
          "clan-core",
          "nixpkgs"
        ]
      },
      "locked": {
        "lastModified": 1751413152,
        "narHash": "sha256-Tyw1RjYEsp5scoigs1384gIg6e0GoBVjms4aXFfRssQ=",
        "owner": "hercules-ci",
        "repo": "flake-parts",
        "rev": "77826244401ea9de6e3bac47c2db46005e1f30b5",
        "type": "github"
      },
      "original": {
        "owner": "hercules-ci",
        "repo": "flake-parts",
        "type": "github"
      }
    },
    "flake-parts_2": {
      "inputs": {
        "nixpkgs-lib": [
          "nur",
          "nixpkgs"
        ]
      },
      "locked": {
        "lastModified": 1733312601,
        "narHash": "sha256-4pDvzqnegAfRkPwO3wmwBhVi/Sye1mzps0zHWYnP88c=",
        "owner": "hercules-ci",
        "repo": "flake-parts",
        "rev": "205b12d8b7cd4802fbcb8e8ef6a0f1408781a4f9",
        "type": "github"
      },
      "original": {
        "owner": "hercules-ci",
        "repo": "flake-parts",
        "type": "github"
      }
    },
    "flake-utils": {
      "inputs": {
        "systems": "systems"
      },
      "locked": {
        "lastModified": 1705309234,
        "narHash": "sha256-uNRRNRKmJyCRC/8y1RqBkqWBLM034y4qN7EprSdmgyA=",
        "owner": "numtide",
        "repo": "flake-utils",
        "rev": "1ef2e671c3b0c19053962c07dbda38332dcebf26",
        "type": "github"
      },
      "original": {
        "owner": "numtide",
        "repo": "flake-utils",
        "type": "github"
      }
    },
    "flake-utils_2": {
      "inputs": {
        "systems": "systems_3"
      },
      "locked": {
        "lastModified": 1692799911,
        "narHash": "sha256-3eihraek4qL744EvQXsK1Ha6C3CR7nnT8X2qWap4RNk=",
        "owner": "numtide",
        "repo": "flake-utils",
        "rev": "f9e7cf818399d17d347f847525c5a5a8032e4e44",
        "type": "github"
      },
      "original": {
        "owner": "numtide",
        "repo": "flake-utils",
        "type": "github"
      }
    },
    "flake-utils_3": {
      "locked": {
        "lastModified": 1637014545,
        "narHash": "sha256-26IZAc5yzlD9FlDT54io1oqG/bBoyka+FJk5guaX4x4=",
        "owner": "numtide",
        "repo": "flake-utils",
        "rev": "bba5dcc8e0b20ab664967ad83d24d64cb64ec4f4",
        "type": "github"
      },
      "original": {
        "owner": "numtide",
        "repo": "flake-utils",
        "type": "github"
      }
    },
    "flake-utils_4": {
      "inputs": {
        "systems": "systems_5"
      },
      "locked": {
        "lastModified": 1705309234,
        "narHash": "sha256-uNRRNRKmJyCRC/8y1RqBkqWBLM034y4qN7EprSdmgyA=",
        "owner": "numtide",
        "repo": "flake-utils",
        "rev": "1ef2e671c3b0c19053962c07dbda38332dcebf26",
        "type": "github"
      },
      "original": {
        "owner": "numtide",
        "repo": "flake-utils",
        "type": "github"
      }
    },
    "gif-searcher": {
      "inputs": {
        "nixpkgs": "nixpkgs"
      },
      "locked": {
        "lastModified": 1752053055,
        "narHash": "sha256-11HYlJ6w3Zlfx5D8Ht9QLnmlnhQ7FPJ5rAUxcXEboMo=",
        "owner": "pinpox",
        "repo": "gif-searcher",
        "rev": "acd1fdfda875b7075cc3083466c577adb7f6d2f0",
        "type": "github"
      },
      "original": {
        "owner": "pinpox",
        "repo": "gif-searcher",
        "type": "github"
      }
    },
    "go-karma-bot": {
      "inputs": {
        "nixpkgs": [
          "nixpkgs"
        ]
      },
      "locked": {
        "lastModified": 1709113813,
        "narHash": "sha256-wW6YrL+dMCXJwW2PMlJIEBbZ3yUsN4VPHklh0A3UKXo=",
        "owner": "pinpox",
        "repo": "go-karma-bot",
        "rev": "86dd17da11e53a276e014bb7891e5aa0bfe6ab39",
        "type": "github"
      },
      "original": {
        "owner": "pinpox",
        "repo": "go-karma-bot",
        "type": "github"
      }
    },
    "home-manager": {
      "inputs": {
        "nixpkgs": [
          "nixpkgs"
        ]
      },
      "locked": {
        "lastModified": 1751990210,
        "narHash": "sha256-krWErNDl9ggMLSfK00Q2BcoSk3+IRTSON/DiDgUzzMw=",
        "owner": "nix-community",
        "repo": "home-manager",
        "rev": "218da00bfa73f2a61682417efe74549416c16ba6",
        "type": "github"
      },
      "original": {
        "owner": "nix-community",
        "repo": "home-manager",
        "type": "github"
      }
    },
    "jitsi-matrix-presence": {
      "inputs": {
        "nixpkgs": [
          "nixpkgs"
        ]
      },
      "locked": {
        "lastModified": 1745438960,
        "narHash": "sha256-v+1sM0b63mk66Oh3QwfcF2JnzvJtDU29TxPvyhRJAfE=",
        "owner": "pinpox",
        "repo": "jitsi-matrix-presence",
        "rev": "665a990228fc2c458de67908de9d755f1a407945",
        "type": "github"
      },
      "original": {
        "owner": "pinpox",
        "repo": "jitsi-matrix-presence",
        "type": "github"
      }
    },
    "matrix-hook": {
      "inputs": {
        "flake-compat": [
          "flake-compat"
        ],
        "flake-utils": "flake-utils_2",
        "nixpkgs": [
          "nixpkgs"
        ]
      },
      "locked": {
        "lastModified": 1749500741,
        "narHash": "sha256-riMqppyH6yEk77pA4dCqDv926O1W7vo6z3Z9vtdXp8o=",
        "owner": "pinpox",
        "repo": "matrix-hook",
        "rev": "95749bd5c2c8b7ebc3f9474ab78242722f0ee14e",
        "type": "github"
      },
      "original": {
        "owner": "pinpox",
        "repo": "matrix-hook",
        "type": "github"
      }
    },
    "mc3000": {
      "inputs": {
        "nixpkgs": [
          "nixpkgs"
        ]
      },
      "locked": {
        "lastModified": 1665386938,
        "narHash": "sha256-GDwoVezNJ99VrHTa5uetRJilNNzW5VZKfZChP5EXrCU=",
        "owner": "pinpox",
        "repo": "mc3000",
        "rev": "43a093027bb069c1b7dedd3a684dace26d62fb25",
        "type": "github"
      },
      "original": {
        "owner": "pinpox",
        "repo": "mc3000",
        "type": "github"
      }
    },
    "naersk": {
      "inputs": {
        "nixpkgs": [
          "nixpkgs"
        ]
      },
      "locked": {
        "lastModified": 1751923969,
        "narHash": "sha256-QNo234SxSB2lLavaT2d+g+Z2WB7o7w29vYkM6zfRLi4=",
        "owner": "nix-community",
        "repo": "naersk",
        "rev": "0473954e399eec0081ee816f3430c17d1f7e5a42",
        "type": "github"
      },
      "original": {
        "owner": "nix-community",
        "ref": "master",
        "repo": "naersk",
        "type": "github"
      }
    },
    "nix-apple-fonts": {
      "inputs": {
        "flake-compat": [
          "flake-compat"
        ],
        "flake-utils": "flake-utils_3",
        "nixpkgs": [
          "nixpkgs"
        ]
      },
      "locked": {
        "lastModified": 1637075535,
        "narHash": "sha256-QTZZjFvLesYO2DT7JcnuHGDTQw6/MzJcp+ymfKDz1BM=",
        "owner": "pinpox",
        "repo": "nix-apple-fonts",
        "rev": "da5f8facd04a39981c07fc1504649ec03de7b6e6",
        "type": "github"
      },
      "original": {
        "owner": "pinpox",
        "repo": "nix-apple-fonts",
        "type": "github"
      }
    },
    "nix-darwin": {
      "inputs": {
        "nixpkgs": [
          "clan-core",
          "nixpkgs"
        ]
      },
      "locked": {
        "lastModified": 1751313918,
        "narHash": "sha256-HsJM3XLa43WpG+665aGEh8iS8AfEwOIQWk3Mke3e7nk=",
        "owner": "nix-darwin",
        "repo": "nix-darwin",
        "rev": "e04a388232d9a6ba56967ce5b53a8a6f713cdfcf",
        "type": "github"
      },
      "original": {
        "owner": "nix-darwin",
        "repo": "nix-darwin",
        "type": "github"
      }
    },
    "nix-index-database": {
      "inputs": {
        "nixpkgs": [
          "nixpkgs"
        ]
      },
      "locked": {
        "lastModified": 1751774635,
        "narHash": "sha256-DuOznGdgMxeSlPpUu6Wkq0ZD5e2Cfv9XRZeZlHWMd1s=",
        "owner": "nix-community",
        "repo": "nix-index-database",
        "rev": "85686025ba6d18df31cc651a91d5adef63378978",
        "type": "github"
      },
      "original": {
        "owner": "nix-community",
        "repo": "nix-index-database",
        "type": "github"
      }
    },
    "nix-select": {
      "locked": {
        "lastModified": 1745005516,
        "narHash": "sha256-IVaoOGDIvAa/8I0sdiiZuKptDldrkDWUNf/+ezIRhyc=",
        "rev": "69d8bf596194c5c35a4e90dd02c52aa530caddf8",
        "type": "tarball",
        "url": "https://git.clan.lol/api/v1/repos/clan/nix-select/archive/69d8bf596194c5c35a4e90dd02c52aa530caddf8.tar.gz"
      },
      "original": {
        "type": "tarball",
        "url": "https://git.clan.lol/clan/nix-select/archive/main.tar.gz"
      }
    },
    "nixos-facter-modules": {
      "locked": {
        "lastModified": 1750412875,
        "narHash": "sha256-uP9Xxw5XcFwjX9lNoYRpybOnIIe1BHfZu5vJnnPg3Jc=",
        "owner": "nix-community",
        "repo": "nixos-facter-modules",
        "rev": "14df13c84552a7d1f33c1cd18336128fbc43f920",
        "type": "github"
      },
      "original": {
        "owner": "nix-community",
        "repo": "nixos-facter-modules",
        "type": "github"
      }
    },
    "nixos-hardware": {
      "locked": {
        "lastModified": 1752048960,
        "narHash": "sha256-gATnkOe37eeVwKKYCsL+OnS2gU4MmLuZFzzWCtaKLI8=",
        "owner": "NixOS",
        "repo": "nixos-hardware",
        "rev": "7ced9122cff2163c6a0212b8d1ec8c33a1660806",
        "type": "github"
      },
      "original": {
        "owner": "NixOS",
        "ref": "master",
        "repo": "nixos-hardware",
        "type": "github"
      }
    },
    "nixpkgs": {
      "locked": {
        "lastModified": 1751792365,
        "narHash": "sha256-J1kI6oAj25IG4EdVlg2hQz8NZTBNYvIS0l4wpr9KcUo=",
        "owner": "NixOS",
        "repo": "nixpkgs",
        "rev": "1fd8bada0b6117e6c7eb54aad5813023eed37ccb",
        "type": "github"
      },
      "original": {
        "id": "nixpkgs",
        "ref": "nixos-unstable",
        "type": "indirect"
      }
    },
    "nixpkgs-master": {
      "locked": {
        "lastModified": 1752053644,
        "narHash": "sha256-FfnZtMtXM8SEizjd0K2KP/OFyahlu7xkgbEwYbzkoTU=",
        "owner": "nixos",
        "repo": "nixpkgs",
        "rev": "73290a58be62941d8d4be43369b9513605b95faf",
        "type": "github"
      },
      "original": {
        "owner": "nixos",
        "ref": "master",
        "repo": "nixpkgs",
        "type": "github"
      }
    },
    "nixpkgs_2": {
      "locked": {
        "lastModified": 1751792365,
        "narHash": "sha256-J1kI6oAj25IG4EdVlg2hQz8NZTBNYvIS0l4wpr9KcUo=",
        "owner": "nixos",
        "repo": "nixpkgs",
        "rev": "1fd8bada0b6117e6c7eb54aad5813023eed37ccb",
        "type": "github"
      },
      "original": {
        "owner": "nixos",
        "ref": "nixos-unstable",
        "repo": "nixpkgs",
        "type": "github"
      }
    },
    "nixpkgs_3": {
      "locked": {
        "lastModified": 1751792365,
        "narHash": "sha256-J1kI6oAj25IG4EdVlg2hQz8NZTBNYvIS0l4wpr9KcUo=",
        "owner": "nixos",
        "repo": "nixpkgs",
        "rev": "1fd8bada0b6117e6c7eb54aad5813023eed37ccb",
        "type": "github"
      },
      "original": {
        "owner": "nixos",
        "ref": "nixos-unstable",
        "repo": "nixpkgs",
        "type": "github"
      }
    },
    "nixpkgs_4": {
      "locked": {
        "lastModified": 1751271578,
        "narHash": "sha256-P/SQmKDu06x8yv7i0s8bvnnuJYkxVGBWLWHaU+tt4YY=",
        "owner": "NixOS",
        "repo": "nixpkgs",
        "rev": "3016b4b15d13f3089db8a41ef937b13a9e33a8df",
        "type": "github"
      },
      "original": {
        "id": "nixpkgs",
        "ref": "nixos-unstable",
        "type": "indirect"
      }
    },
    "nur": {
      "inputs": {
        "flake-parts": "flake-parts_2",
        "nixpkgs": "nixpkgs_3"
      },
      "locked": {
        "lastModified": 1752047019,
        "narHash": "sha256-cquBxPthNijnDaoX6Pj5V0jQ5BhoqJOJ/DdGzeJ0xyg=",
        "owner": "nix-community",
        "repo": "NUR",
        "rev": "64185b1642f23c6340e3ebd52eabccfadfb78cfb",
        "type": "github"
      },
      "original": {
        "owner": "nix-community",
        "repo": "NUR",
        "type": "github"
      }
    },
    "pinpox-keys": {
      "flake": false,
      "locked": {
        "narHash": "sha256-1sGqD0zN2G2zNwqhFMFAoKPTvBP2qO55j0Fq4c4V9P8=",
        "type": "file",
        "url": "https://github.com/pinpox.keys"
      },
      "original": {
        "type": "file",
        "url": "https://github.com/pinpox.keys"
      }
    },
    "pinpox-neovim": {
      "inputs": {
        "nixpkgs": "nixpkgs_4"
      },
      "locked": {
        "lastModified": 1751619855,
        "narHash": "sha256-3uKoxboDkjIQIcvyypIOobQWLWQV2DRl+H6XAcAWZ5o=",
        "owner": "pinpox",
        "repo": "pinpox-neovim",
        "rev": "73b90c8e87a5e71928ae1741d5dca567b51ac44e",
        "type": "github"
      },
      "original": {
        "owner": "pinpox",
        "repo": "pinpox-neovim",
        "type": "github"
      }
    },
    "promterm": {
      "inputs": {
        "naersk": [
          "naersk"
        ],
        "nixpkgs": [
          "nixpkgs"
        ],
        "utils": "utils"
      },
      "locked": {
        "lastModified": 1707819805,
        "narHash": "sha256-dHim4OLbkdWWqiaAytKnivxAHyFD9dp55vUXRhEIPxM=",
        "owner": "pinpox",
        "repo": "promterm",
        "rev": "4b26c03a11b7996db1b4be34c3cc9f206e1b2ca0",
        "type": "github"
      },
      "original": {
        "owner": "pinpox",
        "repo": "promterm",
        "type": "github"
      }
    },
    "radio": {
      "inputs": {
        "nixpkgs": [
          "nixpkgs"
        ]
      },
      "locked": {
        "lastModified": 1751962896,
        "narHash": "sha256-OuEdHo/blMLo8ZavfllMJwaGq7muZxEaVoWsbXvTtPY=",
        "owner": "pinpox",
        "repo": "radio",
        "rev": "d05d1d1e93c031b0044b176c245897692c54ea65",
        "type": "github"
      },
      "original": {
        "owner": "pinpox",
        "repo": "radio",
        "type": "github"
      }
    },
    "restic-exporter": {
      "inputs": {
        "flake-utils": "flake-utils_4",
        "nixpkgs": [
          "nixpkgs"
        ]
      },
      "locked": {
        "lastModified": 1709113753,
        "narHash": "sha256-S2/Qneg67CJB8MWd9bzqg50AeIBlW19NM36c7NFRE2E=",
        "owner": "pinpox",
        "repo": "restic-exporter",
        "rev": "5b21a7625f768966e0c4b71031ef7557f4b1ad3b",
        "type": "github"
      },
      "original": {
        "owner": "pinpox",
        "repo": "restic-exporter",
        "type": "github"
      }
    },
    "retiolum": {
      "locked": {
        "lastModified": 1752047298,
        "narHash": "sha256-lH0fyLsWiXj0mIvS8eh3J+4zhjWJjYDgSdNKBtiiiUE=",
        "ref": "refs/heads/master",
        "rev": "c96e762957bf2a2a5b389b15e2aa5fba534ca8c4",
        "revCount": 356,
        "type": "git",
        "url": "https://git.thalheim.io/Mic92/retiolum"
      },
      "original": {
        "type": "git",
        "url": "https://git.thalheim.io/Mic92/retiolum"
      }
    },
    "root": {
      "inputs": {
        "alertmanager-ntfy": "alertmanager-ntfy",
        "aoe-taunt-discord-bot": "aoe-taunt-discord-bot",
        "caddy-patched": "caddy-patched",
        "clan-core": "clan-core",
        "disko": "disko_2",
        "flake-compat": "flake-compat",
        "gif-searcher": "gif-searcher",
        "go-karma-bot": "go-karma-bot",
        "home-manager": "home-manager",
        "jitsi-matrix-presence": "jitsi-matrix-presence",
        "matrix-hook": "matrix-hook",
        "mc3000": "mc3000",
        "naersk": "naersk",
        "nix-apple-fonts": "nix-apple-fonts",
        "nix-index-database": "nix-index-database",
        "nixos-hardware": "nixos-hardware",
        "nixpkgs": "nixpkgs_2",
        "nixpkgs-master": "nixpkgs-master",
        "nur": "nur",
        "pinpox-keys": "pinpox-keys",
        "pinpox-neovim": "pinpox-neovim",
        "promterm": "promterm",
        "radio": "radio",
        "restic-exporter": "restic-exporter",
        "retiolum": "retiolum",
        "wallpaper-generator": "wallpaper-generator",
        "zsh-abbrev-alias": "zsh-abbrev-alias",
        "zsh-colored-man-pages": "zsh-colored-man-pages"
      }
    },
    "sops-nix": {
      "inputs": {
        "nixpkgs": [
          "clan-core",
          "nixpkgs"
        ]
      },
      "locked": {
        "lastModified": 1751606940,
        "narHash": "sha256-KrDPXobG7DFKTOteqdSVeL1bMVitDcy7otpVZWDE6MA=",
        "owner": "Mic92",
        "repo": "sops-nix",
        "rev": "3633fc4acf03f43b260244d94c71e9e14a2f6e0d",
        "type": "github"
      },
      "original": {
        "owner": "Mic92",
        "repo": "sops-nix",
        "type": "github"
      }
    },
    "systems": {
      "locked": {
        "lastModified": 1681028828,
        "narHash": "sha256-Vy1rq5AaRuLzOxct8nz4T6wlgyUR7zLU309k9mBC768=",
        "owner": "nix-systems",
        "repo": "default",
        "rev": "da67096a3b9bf56a91d16901293e51ba5b49a27e",
        "type": "github"
      },
      "original": {
        "owner": "nix-systems",
        "repo": "default",
        "type": "github"
      }
    },
    "systems_2": {
      "locked": {
        "lastModified": 1681028828,
        "narHash": "sha256-Vy1rq5AaRuLzOxct8nz4T6wlgyUR7zLU309k9mBC768=",
        "owner": "nix-systems",
        "repo": "default",
        "rev": "da67096a3b9bf56a91d16901293e51ba5b49a27e",
        "type": "github"
      },
      "original": {
        "owner": "nix-systems",
        "repo": "default",
        "type": "github"
      }
    },
    "systems_3": {
      "locked": {
        "lastModified": 1681028828,
        "narHash": "sha256-Vy1rq5AaRuLzOxct8nz4T6wlgyUR7zLU309k9mBC768=",
        "owner": "nix-systems",
        "repo": "default",
        "rev": "da67096a3b9bf56a91d16901293e51ba5b49a27e",
        "type": "github"
      },
      "original": {
        "owner": "nix-systems",
        "repo": "default",
        "type": "github"
      }
    },
    "systems_4": {
      "locked": {
        "lastModified": 1681028828,
        "narHash": "sha256-Vy1rq5AaRuLzOxct8nz4T6wlgyUR7zLU309k9mBC768=",
        "owner": "nix-systems",
        "repo": "default",
        "rev": "da67096a3b9bf56a91d16901293e51ba5b49a27e",
        "type": "github"
      },
      "original": {
        "owner": "nix-systems",
        "repo": "default",
        "type": "github"
      }
    },
    "systems_5": {
      "locked": {
        "lastModified": 1681028828,
        "narHash": "sha256-Vy1rq5AaRuLzOxct8nz4T6wlgyUR7zLU309k9mBC768=",
        "owner": "nix-systems",
        "repo": "default",
        "rev": "da67096a3b9bf56a91d16901293e51ba5b49a27e",
        "type": "github"
      },
      "original": {
        "owner": "nix-systems",
        "repo": "default",
        "type": "github"
      }
    },
    "treefmt-nix": {
      "inputs": {
        "nixpkgs": [
          "clan-core",
          "nixpkgs"
        ]
      },
      "locked": {
        "lastModified": 1750931469,
        "narHash": "sha256-0IEdQB1nS+uViQw4k3VGUXntjkDp7aAlqcxdewb/hAc=",
        "owner": "numtide",
        "repo": "treefmt-nix",
        "rev": "ac8e6f32e11e9c7f153823abc3ab007f2a65d3e1",
        "type": "github"
      },
      "original": {
        "owner": "numtide",
        "repo": "treefmt-nix",
        "type": "github"
      }
    },
    "utils": {
      "inputs": {
        "systems": "systems_4"
      },
      "locked": {
        "lastModified": 1705309234,
        "narHash": "sha256-uNRRNRKmJyCRC/8y1RqBkqWBLM034y4qN7EprSdmgyA=",
        "owner": "numtide",
        "repo": "flake-utils",
        "rev": "1ef2e671c3b0c19053962c07dbda38332dcebf26",
        "type": "github"
      },
      "original": {
        "owner": "numtide",
        "repo": "flake-utils",
        "type": "github"
      }
    },
    "wallpaper-generator": {
      "flake": false,
      "locked": {
        "lastModified": 1716806296,
        "narHash": "sha256-jYBIwWgKo8rdfJaOOUcRflx6+Win+12qrroLJmCGo/Q=",
        "owner": "pinpox",
        "repo": "wallpaper-generator",
        "rev": "a14109e25e673ea5966a19b8f56e0d65e45b7317",
        "type": "github"
      },
      "original": {
        "owner": "pinpox",
        "repo": "wallpaper-generator",
        "type": "github"
      }
    },
    "zsh-abbrev-alias": {
      "flake": false,
      "locked": {
        "lastModified": 1626942886,
        "narHash": "sha256-jq5YEpIpvmBa/M7F4NeC77mE9WHSnza3tZwvgMPab7M=",
        "owner": "momo-lab",
        "repo": "zsh-abbrev-alias",
        "rev": "33fe094da0a70e279e1cc5376a3d7cb7a5343df5",
        "type": "github"
      },
      "original": {
        "owner": "momo-lab",
        "repo": "zsh-abbrev-alias",
        "type": "github"
      }
    },
    "zsh-colored-man-pages": {
      "flake": false,
      "locked": {
        "lastModified": 1554205411,
        "narHash": "sha256-087bNmB5gDUKoSriHIjXOVZiUG5+Dy9qv3D69E8GBhs=",
        "owner": "ael-code",
        "repo": "zsh-colored-man-pages",
        "rev": "57bdda68e52a09075352b18fa3ca21abd31df4cb",
        "type": "github"
      },
      "original": {
        "owner": "ael-code",
        "repo": "zsh-colored-man-pages",
        "type": "github"
      }
    }
  },
  "root": "root",
  "version": 7
}
