{
  "nodes": {
    "dotfiles-awesome": {
      "inputs": {
        "flake-compat": [
          "flake-compat"
        ],
        "flake-utils": [
          "flake-utils"
        ],
        "nixpkgs": [
          "nixpkgs"
        ],
        "wallpaper-generator": [
          "wallpaper-generator"
        ]
      },
      "locked": {
        "lastModified": 1628596858,
        "narHash": "sha256-z7CRwPoIEwmjev9+ox4SpO+2DzUTIDWod91rRep82dI=",
        "owner": "pinpox",
        "repo": "dotfiles-awesome",
        "rev": "b0e694bc29c38bf524057b29e2c182e66187012e",
        "type": "github"
      },
      "original": {
        "owner": "pinpox",
        "repo": "dotfiles-awesome",
        "type": "github"
      }
    },
    "flake-compat": {
      "flake": false,
      "locked": {
        "lastModified": 1627913399,
        "narHash": "sha256-hY8g6H2KFL8ownSiFeMOjwPC8P0ueXpCVEbxgda3pko=",
        "owner": "edolstra",
        "repo": "flake-compat",
        "rev": "12c64ca55c1014cdc1b16ed5a804aa8576601ff2",
        "type": "github"
      },
      "original": {
        "owner": "edolstra",
        "repo": "flake-compat",
        "type": "github"
      }
    },
    "flake-compat_2": {
      "flake": false,
      "locked": {
        "lastModified": 1627913399,
        "narHash": "sha256-hY8g6H2KFL8ownSiFeMOjwPC8P0ueXpCVEbxgda3pko=",
        "owner": "edolstra",
        "repo": "flake-compat",
        "rev": "12c64ca55c1014cdc1b16ed5a804aa8576601ff2",
        "type": "github"
      },
      "original": {
        "owner": "edolstra",
        "repo": "flake-compat",
        "type": "github"
      }
    },
    "flake-utils": {
      "locked": {
        "lastModified": 1631561581,
        "narHash": "sha256-3VQMV5zvxaVLvqqUrNz3iJelLw30mIVSfZmAaauM3dA=",
        "owner": "numtide",
        "repo": "flake-utils",
        "rev": "7e5bf3925f6fbdfaf50a2a7ca0be2879c4261d19",
        "type": "github"
      },
      "original": {
        "owner": "numtide",
        "repo": "flake-utils",
        "type": "github"
      }
    },
    "flake-utils_2": {
      "locked": {
        "lastModified": 1629481132,
        "narHash": "sha256-JHgasjPR0/J1J3DRm4KxM4zTyAj4IOJY8vIl75v/kPI=",
        "owner": "numtide",
        "repo": "flake-utils",
        "rev": "997f7efcb746a9c140ce1f13c72263189225f482",
        "type": "github"
      },
      "original": {
        "owner": "numtide",
        "repo": "flake-utils",
        "type": "github"
      }
    },
    "forgit": {
      "flake": false,
      "locked": {
        "lastModified": 1627920902,
        "narHash": "sha256-X2tyQtXrKgY5MLAqozqCUlZo+2dgcrY6MP8mSpjPSfA=",
        "owner": "wfxr",
        "repo": "forgit",
        "rev": "9f3a4239205b638b8c535220bfec0b1fbca2d620",
        "type": "github"
      },
      "original": {
        "owner": "wfxr",
        "repo": "forgit",
        "type": "github"
      }
    },
    "home-manager": {
      "inputs": {
        "nixpkgs": [
          "nixpkgs"
        ]
      },
      "locked": {
        "lastModified": 1631495560,
        "narHash": "sha256-fps7iZrSWuWHEiBPDogPQlL19zOSjlCSvCQps534oQ4=",
        "owner": "nix-community",
        "repo": "home-manager",
        "rev": "5199bc841aa9ebafc567a1f5c498682650f68973",
        "type": "github"
      },
      "original": {
        "owner": "nix-community",
        "repo": "home-manager",
        "type": "github"
      }
    },
    "indent-blankline-nvim-lua": {
      "flake": false,
      "locked": {
        "lastModified": 1631414053,
        "narHash": "sha256-u/ur90tkxxE8znh6le4vJJLEIiNDPcxxNsgs3jRr/T0=",
        "owner": "lukas-reineke",
        "repo": "indent-blankline.nvim",
        "rev": "0a3792cfc978ce30632bb0b10968849f1b9604eb",
        "type": "github"
      },
      "original": {
        "owner": "lukas-reineke",
        "repo": "indent-blankline.nvim",
        "type": "github"
      }
    },
    "krops": {
      "flake": false,
      "locked": {
        "lastModified": 1616536057,
        "narHash": "sha256-ZjVOVZL2HVLFZfEtvfOBqxQe1omQOV53Ijw4iVUcrx4=",
        "ref": "master",
        "rev": "cccebf3ff7a53336b3f106cb96dddd5892d427ed",
        "revCount": 104,
        "type": "git",
        "url": "https://cgit.krebsco.de/krops"
      },
      "original": {
        "type": "git",
        "url": "https://cgit.krebsco.de/krops"
      }
    },
    "neovim-flake": {
      "inputs": {
        "flake-utils": "flake-utils_2",
        "nixpkgs": [
          "nixpkgs"
        ]
      },
      "locked": {
        "dir": "contrib",
        "lastModified": 1631520009,
        "narHash": "sha256-sRDtMwdaAb2AHY9FW2/a/nUUJIN6gAIFN0cnVvyfmJc=",
        "owner": "neovim",
        "repo": "neovim",
        "rev": "b9d57fa107a456596e68d2ee3853ba75142a6930",
        "type": "github"
      },
      "original": {
        "dir": "contrib",
        "owner": "neovim",
        "repo": "neovim",
        "type": "github"
      }
    },
    "neovim-nightly": {
      "inputs": {
        "flake-compat": "flake-compat_2",
        "neovim-flake": "neovim-flake",
        "nixpkgs": [
          "nixpkgs"
        ]
      },
      "locked": {
        "lastModified": 1631520763,
        "narHash": "sha256-NmNZ5TXb2MYkTIs4GyUytozwPXRbq8t4IrH3782KB1U=",
        "owner": "nix-community",
        "repo": "neovim-nightly-overlay",
        "rev": "978a593800c44dbf566c22929b2fc0dc74e6ff50",
        "type": "github"
      },
      "original": {
        "owner": "nix-community",
        "repo": "neovim-nightly-overlay",
        "type": "github"
      }
    },
    "nixpkgs": {
      "locked": {
        "lastModified": 1631470189,
        "narHash": "sha256-hkUPYlpNOY9nbG1ByRin9NzPAYnPtwq/nGxO/DoeZd0=",
        "owner": "nixos",
        "repo": "nixpkgs",
        "rev": "364b5555ee04bf61ee0075a3adab4c9351a8d38c",
        "type": "github"
      },
      "original": {
        "owner": "nixos",
        "ref": "nixos-unstable",
        "repo": "nixpkgs",
        "type": "github"
      }
    },
    "nur": {
      "locked": {
        "lastModified": 1631599886,
        "narHash": "sha256-eDQtOHnjtTTtEJlEEYJQTUsD57SIQ4k4czv+nK80s/g=",
        "owner": "nix-community",
        "repo": "NUR",
        "rev": "17832d684d9126cb8bef3f5bea518d42b2f8a31b",
        "type": "github"
      },
      "original": {
        "owner": "nix-community",
        "repo": "NUR",
        "type": "github"
      }
    },
    "nvim-fzf": {
      "flake": false,
      "locked": {
        "lastModified": 1631061180,
        "narHash": "sha256-+Ma0a+kr0Ju7JpmzXIRz4q52+InTNEmWxPxwySN1BBA=",
        "owner": "vijaymarupudi",
        "repo": "nvim-fzf",
        "rev": "74b62b00fb9959b288b5d1c6370c3c2d67866f8b",
        "type": "github"
      },
      "original": {
        "owner": "vijaymarupudi",
        "repo": "nvim-fzf",
        "type": "github"
      }
    },
    "root": {
      "inputs": {
        "dotfiles-awesome": "dotfiles-awesome",
        "flake-compat": "flake-compat",
        "flake-utils": "flake-utils",
        "forgit": "forgit",
        "home-manager": "home-manager",
        "indent-blankline-nvim-lua": "indent-blankline-nvim-lua",
        "krops": "krops",
        "neovim-nightly": "neovim-nightly",
        "nixpkgs": "nixpkgs",
        "nur": "nur",
        "nvim-fzf": "nvim-fzf",
        "wallpaper-generator": "wallpaper-generator",
        "zk-nvim": "zk-nvim",
        "zsh-abbrev-alias": "zsh-abbrev-alias",
        "zsh-colored-man-pages": "zsh-colored-man-pages"
      }
    },
    "wallpaper-generator": {
      "flake": false,
      "locked": {
        "lastModified": 1629971373,
        "narHash": "sha256-9WHOR7aZDzG184zrqhAxZV7H8S7zJtMahQpa0JvvY6k=",
        "owner": "pinpox",
        "repo": "wallpaper-generator",
        "rev": "a50b7bcdd092bd421abaf781abd02923c5569dfc",
        "type": "github"
      },
      "original": {
        "owner": "pinpox",
        "repo": "wallpaper-generator",
        "type": "github"
      }
    },
    "zk-nvim": {
      "flake": false,
      "locked": {
        "lastModified": 1629124754,
        "narHash": "sha256-7XC2I5/XdcAAy+KPGgjY2RRDWZrlGUiqEzSsspUqtPA=",
        "owner": "megalithic",
        "repo": "zk.nvim",
        "rev": "dbe88c5315ead19b99c5174a7eda7533cf6a735f",
        "type": "github"
      },
      "original": {
        "owner": "megalithic",
        "repo": "zk.nvim",
        "type": "github"
      }
    },
    "zsh-abbrev-alias": {
      "flake": false,
      "locked": {
        "lastModified": 1626942886,
        "narHash": "sha256-jq5YEpIpvmBa/M7F4NeC77mE9WHSnza3tZwvgMPab7M=",
        "owner": "momo-lab",
        "repo": "zsh-abbrev-alias",
        "rev": "33fe094da0a70e279e1cc5376a3d7cb7a5343df5",
        "type": "github"
      },
      "original": {
        "owner": "momo-lab",
        "repo": "zsh-abbrev-alias",
        "type": "github"
      }
    },
    "zsh-colored-man-pages": {
      "flake": false,
      "locked": {
        "lastModified": 1554205411,
        "narHash": "sha256-087bNmB5gDUKoSriHIjXOVZiUG5+Dy9qv3D69E8GBhs=",
        "owner": "ael-code",
        "repo": "zsh-colored-man-pages",
        "rev": "57bdda68e52a09075352b18fa3ca21abd31df4cb",
        "type": "github"
      },
      "original": {
        "owner": "ael-code",
        "repo": "zsh-colored-man-pages",
        "type": "github"
      }
    }
  },
  "root": "root",
  "version": 7
}
