{
  "nodes": {
    "dotfiles-awesome": {
      "inputs": {
        "nixpkgs": "nixpkgs",
        "wallpaper-generator": "wallpaper-generator"
      },
      "locked": {
        "lastModified": 1617711101,
        "narHash": "sha256-ywOMwoPF6qVIZ/JYdLJAt5Vt2PRb1r1OpfqUoVUOLoQ=",
        "owner": "pinpox",
        "repo": "dotfiles-awesome",
        "rev": "930cccdf06d9ed36287d2efc495d500104960b9a",
        "type": "github"
      },
      "original": {
        "owner": "pinpox",
        "repo": "dotfiles-awesome",
        "type": "github"
      }
    },
    "flake-compat": {
      "flake": false,
      "locked": {
        "lastModified": 1606424373,
        "narHash": "sha256-oq8d4//CJOrVj+EcOaSXvMebvuTkmBJuT5tzlfewUnQ=",
        "owner": "edolstra",
        "repo": "flake-compat",
        "rev": "99f1c2157fba4bfe6211a321fd0ee43199025dbf",
        "type": "github"
      },
      "original": {
        "owner": "edolstra",
        "repo": "flake-compat",
        "type": "github"
      }
    },
    "flake-utils": {
      "locked": {
        "lastModified": 1617631617,
        "narHash": "sha256-PARRCz55qN3gy07VJZIlFeOX420d0nGF0RzGI/9hVlw=",
        "owner": "numtide",
        "repo": "flake-utils",
        "rev": "b2c27d1a81b0dc266270fa8aeecebbd1807fc610",
        "type": "github"
      },
      "original": {
        "owner": "numtide",
        "repo": "flake-utils",
        "type": "github"
      }
    },
    "gitignore": {
      "flake": false,
      "locked": {
        "lastModified": 1611672876,
        "narHash": "sha256-qHu3uZ/o9jBHiA3MEKHJ06k7w4heOhA+4HCSIvflRxo=",
        "owner": "hercules-ci",
        "repo": "gitignore.nix",
        "rev": "211907489e9f198594c0eb0ca9256a1949c9d412",
        "type": "github"
      },
      "original": {
        "owner": "hercules-ci",
        "repo": "gitignore.nix",
        "type": "github"
      }
    },
    "neovim-nightly": {
      "inputs": {
        "flake-compat": "flake-compat",
        "flake-utils": "flake-utils",
        "gitignore": "gitignore",
        "neovim-nightly": "neovim-nightly_2",
        "nixpkgs": "nixpkgs_2",
        "pre-commit-hooks": "pre-commit-hooks"
      },
      "locked": {
        "lastModified": 1617956310,
        "narHash": "sha256-5ElNA/yP7I4wVcD3NhDFxHfUfVy27q/5GtaJqMeV8jE=",
        "owner": "nix-community",
        "repo": "neovim-nightly-overlay",
        "rev": "5cedb52f9cf88f892e42f87f5bf19ae00d8877a2",
        "type": "github"
      },
      "original": {
        "owner": "nix-community",
        "repo": "neovim-nightly-overlay",
        "type": "github"
      }
    },
    "neovim-nightly_2": {
      "flake": false,
      "locked": {
        "lastModified": 1617938048,
        "narHash": "sha256-iQWMv7H6Ev+dayqcQmWC1K1ZZyGjMUeUbwm9j8LiCdk=",
        "owner": "neovim",
        "repo": "neovim",
        "rev": "82ac44d01f0e92546f43c804595c14a139af77bd",
        "type": "github"
      },
      "original": {
        "owner": "neovim",
        "repo": "neovim",
        "type": "github"
      }
    },
    "nixpkgs": {
      "locked": {
        "lastModified": 1615797423,
        "narHash": "sha256-5NGDZXPQzuoxf/42NiyC9YwwhwzfMfIRrz3aT0XHzSc=",
        "owner": "nixos",
        "repo": "nixpkgs",
        "rev": "266dc8c3d052f549826ba246d06787a219533b8f",
        "type": "github"
      },
      "original": {
        "owner": "nixos",
        "ref": "nixos-unstable",
        "repo": "nixpkgs",
        "type": "github"
      }
    },
    "nixpkgs_2": {
      "locked": {
        "lastModified": 1617907639,
        "narHash": "sha256-cppv7iriTWljCrB5MBYyvybJZjTz+IuolocQgrAUKXg=",
        "owner": "nixos",
        "repo": "nixpkgs",
        "rev": "c2f5468cec517043ff9147855d45e849c742ed41",
        "type": "github"
      },
      "original": {
        "owner": "nixos",
        "ref": "nixpkgs-unstable",
        "repo": "nixpkgs",
        "type": "github"
      }
    },
    "nixpkgs_3": {
      "locked": {
        "lastModified": 1617636226,
        "narHash": "sha256-iZhBWrOR2DoDs1C+0FlnM9AQLMol/qoGQ+d+S43CKJM=",
        "path": "/nix/store/sz015sc0y6adpacafc4zs35wf8364c6a-source",
        "rev": "3d1a7716d7f1fccbd7d30ab3b2ed3db831f43bde",
        "type": "path"
      },
      "original": {
        "id": "nixpkgs",
        "type": "indirect"
      }
    },
    "nur": {
      "locked": {
        "lastModified": 1617979691,
        "narHash": "sha256-Y+wL4yUjp7zx4Vp/hMW4a690LciLCTc/SN5tYNdq5xs=",
        "owner": "nix-community",
        "repo": "NUR",
        "rev": "5ff1ec11bc1aaa344e5d77fcfcba7a7a8e38506b",
        "type": "github"
      },
      "original": {
        "owner": "nix-community",
        "repo": "NUR",
        "type": "github"
      }
    },
    "pre-commit-hooks": {
      "flake": false,
      "locked": {
        "lastModified": 1617783930,
        "narHash": "sha256-SigoU2LWM1fMggqfM9H8XEIvjOjBVQ/wj/zrn02J28c=",
        "owner": "cachix",
        "repo": "pre-commit-hooks.nix",
        "rev": "2d169bb1b23f3b71a894a66ea81f45c788943248",
        "type": "github"
      },
      "original": {
        "owner": "cachix",
        "repo": "pre-commit-hooks.nix",
        "type": "github"
      }
    },
    "root": {
      "inputs": {
        "dotfiles-awesome": "dotfiles-awesome",
        "neovim-nightly": "neovim-nightly",
        "nixpkgs": "nixpkgs_3",
        "nur": "nur"
      }
    },
    "wallpaper-generator": {
      "flake": false,
      "locked": {
        "lastModified": 1615819231,
        "narHash": "sha256-vZzc1ViF/3rCm81+x+pyneuOzoWd0przy9ULgwhGSj4=",
        "owner": "pinpox",
        "repo": "wallpaper-generator",
        "rev": "a2223b9b0c51e0eee0d0b23a5e87228e370bdd5c",
        "type": "github"
      },
      "original": {
        "owner": "pinpox",
        "repo": "wallpaper-generator",
        "type": "github"
      }
    }
  },
  "root": "root",
  "version": 7
}
